// !$*UTF8*$!
{
	archiveVersion = 1;
	classes = {
	};
	objectVersion = 48;
	objects = {

/* Begin PBXBuildFile section */
		17CB162E220F400E7725C858 /* Pods_LezTests.framework in Frameworks */ = {isa = PBXBuildFile; fileRef = 208A79623584C5404FE914F7 /* Pods_LezTests.framework */; };
		7EF92F1E3F622038DE771393 /* Pods_LezUITests.framework in Frameworks */ = {isa = PBXBuildFile; fileRef = D4A69489AEEE094BC40F60FD /* Pods_LezUITests.framework */; };
		C3EFE12ADECE0A8FE5B70598 /* Pods_Lez.framework in Frameworks */ = {isa = PBXBuildFile; fileRef = C3C4F2EE7AB9BAC30506FA2A /* Pods_Lez.framework */; };
		CF0D0C241FF6844D00DF8488 /* ProfileImageViewController.swift in Sources */ = {isa = PBXBuildFile; fileRef = CF0D0C231FF6844D00DF8488 /* ProfileImageViewController.swift */; };
		CF0D0C261FF68D8800DF8488 /* ProfileViewController.swift in Sources */ = {isa = PBXBuildFile; fileRef = CF0D0C251FF68D8800DF8488 /* ProfileViewController.swift */; };
		CF0D0C281FF6B5F600DF8488 /* FirestoreManager.swift in Sources */ = {isa = PBXBuildFile; fileRef = CF0D0C271FF6B5F600DF8488 /* FirestoreManager.swift */; };
		CF10C3DA1FF4E07600C530DB /* PrimaryButton.swift in Sources */ = {isa = PBXBuildFile; fileRef = CF10C3D91FF4E07600C530DB /* PrimaryButton.swift */; };
		CF1110311FF802D10035CB33 /* Defaults.swift in Sources */ = {isa = PBXBuildFile; fileRef = CF1110301FF802D10035CB33 /* Defaults.swift */; };
		CF2967141FDC6777002A2928 /* Lesbian.swift in Sources */ = {isa = PBXBuildFile; fileRef = CF2967131FDC6777002A2928 /* Lesbian.swift */; };
		CF50783A1FEEA8E100C218B9 /* Constants.swift in Sources */ = {isa = PBXBuildFile; fileRef = CF5078391FEEA8E100C218B9 /* Constants.swift */; };
		CF8EAA121FF798F00006D65A /* CardBackground.swift in Sources */ = {isa = PBXBuildFile; fileRef = CF8EAA111FF798F00006D65A /* CardBackground.swift */; };
		CF8EAA141FF7AA030006D65A /* Extensions.swift in Sources */ = {isa = PBXBuildFile; fileRef = CF8EAA131FF7AA030006D65A /* Extensions.swift */; };
		CFAA5C791FEECAF900E47927 /* ProfileSetupViewController.swift in Sources */ = {isa = PBXBuildFile; fileRef = CFAA5C781FEECAF900E47927 /* ProfileSetupViewController.swift */; };
		CFB7E95C1FDBEBC000D35893 /* AppDelegate.swift in Sources */ = {isa = PBXBuildFile; fileRef = CFB7E95B1FDBEBC000D35893 /* AppDelegate.swift */; };
		CFB7E95E1FDBEBC000D35893 /* MatchViewController.swift in Sources */ = {isa = PBXBuildFile; fileRef = CFB7E95D1FDBEBC000D35893 /* MatchViewController.swift */; };
		CFB7E9611FDBEBC000D35893 /* Main.storyboard in Resources */ = {isa = PBXBuildFile; fileRef = CFB7E95F1FDBEBC000D35893 /* Main.storyboard */; };
		CFB7E9631FDBEBC000D35893 /* Assets.xcassets in Resources */ = {isa = PBXBuildFile; fileRef = CFB7E9621FDBEBC000D35893 /* Assets.xcassets */; };
		CFB7E9661FDBEBC000D35893 /* LaunchScreen.storyboard in Resources */ = {isa = PBXBuildFile; fileRef = CFB7E9641FDBEBC000D35893 /* LaunchScreen.storyboard */; };
		CFB7E9711FDBEBC000D35893 /* LezTests.swift in Sources */ = {isa = PBXBuildFile; fileRef = CFB7E9701FDBEBC000D35893 /* LezTests.swift */; };
		CFB7E97C1FDBEBC000D35893 /* LezUITests.swift in Sources */ = {isa = PBXBuildFile; fileRef = CFB7E97B1FDBEBC000D35893 /* LezUITests.swift */; };
		CFECC6DB1FDC059500A927FE /* GoogleService-Info.plist in Resources */ = {isa = PBXBuildFile; fileRef = CFECC6DA1FDC059500A927FE /* GoogleService-Info.plist */; };
/* End PBXBuildFile section */

/* Begin PBXContainerItemProxy section */
		CFB7E96D1FDBEBC000D35893 /* PBXContainerItemProxy */ = {
			isa = PBXContainerItemProxy;
			containerPortal = CFB7E9501FDBEBC000D35893 /* Project object */;
			proxyType = 1;
			remoteGlobalIDString = CFB7E9571FDBEBC000D35893;
			remoteInfo = Lez;
		};
		CFB7E9781FDBEBC000D35893 /* PBXContainerItemProxy */ = {
			isa = PBXContainerItemProxy;
			containerPortal = CFB7E9501FDBEBC000D35893 /* Project object */;
			proxyType = 1;
			remoteGlobalIDString = CFB7E9571FDBEBC000D35893;
			remoteInfo = Lez;
		};
/* End PBXContainerItemProxy section */

/* Begin PBXFileReference section */
		208A79623584C5404FE914F7 /* Pods_LezTests.framework */ = {isa = PBXFileReference; explicitFileType = wrapper.framework; includeInIndex = 0; path = Pods_LezTests.framework; sourceTree = BUILT_PRODUCTS_DIR; };
		4428A5C3F7298E1FA56103DE /* Pods-Lez.release.xcconfig */ = {isa = PBXFileReference; includeInIndex = 1; lastKnownFileType = text.xcconfig; name = "Pods-Lez.release.xcconfig"; path = "Pods/Target Support Files/Pods-Lez/Pods-Lez.release.xcconfig"; sourceTree = "<group>"; };
		5A38D4C470FF5DC7AB4418A0 /* Pods-LezUITests.release.xcconfig */ = {isa = PBXFileReference; includeInIndex = 1; lastKnownFileType = text.xcconfig; name = "Pods-LezUITests.release.xcconfig"; path = "Pods/Target Support Files/Pods-LezUITests/Pods-LezUITests.release.xcconfig"; sourceTree = "<group>"; };
		5A3FB2D7CD202ED6664A1455 /* Pods-LezTests.release.xcconfig */ = {isa = PBXFileReference; includeInIndex = 1; lastKnownFileType = text.xcconfig; name = "Pods-LezTests.release.xcconfig"; path = "Pods/Target Support Files/Pods-LezTests/Pods-LezTests.release.xcconfig"; sourceTree = "<group>"; };
		A3B8C5BE5C678AAEDA4CEF02 /* Pods-Lez.debug.xcconfig */ = {isa = PBXFileReference; includeInIndex = 1; lastKnownFileType = text.xcconfig; name = "Pods-Lez.debug.xcconfig"; path = "Pods/Target Support Files/Pods-Lez/Pods-Lez.debug.xcconfig"; sourceTree = "<group>"; };
		C3C4F2EE7AB9BAC30506FA2A /* Pods_Lez.framework */ = {isa = PBXFileReference; explicitFileType = wrapper.framework; includeInIndex = 0; path = Pods_Lez.framework; sourceTree = BUILT_PRODUCTS_DIR; };
		CF0D0C231FF6844D00DF8488 /* ProfileImageViewController.swift */ = {isa = PBXFileReference; lastKnownFileType = sourcecode.swift; path = ProfileImageViewController.swift; sourceTree = "<group>"; };
		CF0D0C251FF68D8800DF8488 /* ProfileViewController.swift */ = {isa = PBXFileReference; lastKnownFileType = sourcecode.swift; path = ProfileViewController.swift; sourceTree = "<group>"; };
		CF0D0C271FF6B5F600DF8488 /* FirestoreManager.swift */ = {isa = PBXFileReference; lastKnownFileType = sourcecode.swift; path = FirestoreManager.swift; sourceTree = "<group>"; };
		CF10C3D91FF4E07600C530DB /* PrimaryButton.swift */ = {isa = PBXFileReference; lastKnownFileType = sourcecode.swift; path = PrimaryButton.swift; sourceTree = "<group>"; };
		CF1110301FF802D10035CB33 /* Defaults.swift */ = {isa = PBXFileReference; lastKnownFileType = sourcecode.swift; path = Defaults.swift; sourceTree = "<group>"; };
		CF2967131FDC6777002A2928 /* Lesbian.swift */ = {isa = PBXFileReference; lastKnownFileType = sourcecode.swift; path = Lesbian.swift; sourceTree = "<group>"; };
		CF5078391FEEA8E100C218B9 /* Constants.swift */ = {isa = PBXFileReference; lastKnownFileType = sourcecode.swift; path = Constants.swift; sourceTree = "<group>"; };
		CF8EAA111FF798F00006D65A /* CardBackground.swift */ = {isa = PBXFileReference; lastKnownFileType = sourcecode.swift; path = CardBackground.swift; sourceTree = "<group>"; };
		CF8EAA131FF7AA030006D65A /* Extensions.swift */ = {isa = PBXFileReference; lastKnownFileType = sourcecode.swift; path = Extensions.swift; sourceTree = "<group>"; };
		CFAA5C781FEECAF900E47927 /* ProfileSetupViewController.swift */ = {isa = PBXFileReference; lastKnownFileType = sourcecode.swift; path = ProfileSetupViewController.swift; sourceTree = "<group>"; };
		CFB7E9581FDBEBC000D35893 /* Lez.app */ = {isa = PBXFileReference; explicitFileType = wrapper.application; includeInIndex = 0; path = Lez.app; sourceTree = BUILT_PRODUCTS_DIR; };
		CFB7E95B1FDBEBC000D35893 /* AppDelegate.swift */ = {isa = PBXFileReference; lastKnownFileType = sourcecode.swift; path = AppDelegate.swift; sourceTree = "<group>"; };
		CFB7E95D1FDBEBC000D35893 /* MatchViewController.swift */ = {isa = PBXFileReference; lastKnownFileType = sourcecode.swift; path = MatchViewController.swift; sourceTree = "<group>"; };
		CFB7E9601FDBEBC000D35893 /* Base */ = {isa = PBXFileReference; lastKnownFileType = file.storyboard; name = Base; path = Base.lproj/Main.storyboard; sourceTree = "<group>"; };
		CFB7E9621FDBEBC000D35893 /* Assets.xcassets */ = {isa = PBXFileReference; lastKnownFileType = folder.assetcatalog; path = Assets.xcassets; sourceTree = "<group>"; };
		CFB7E9651FDBEBC000D35893 /* Base */ = {isa = PBXFileReference; lastKnownFileType = file.storyboard; name = Base; path = Base.lproj/LaunchScreen.storyboard; sourceTree = "<group>"; };
		CFB7E9671FDBEBC000D35893 /* Info.plist */ = {isa = PBXFileReference; lastKnownFileType = text.plist.xml; path = Info.plist; sourceTree = "<group>"; };
		CFB7E96C1FDBEBC000D35893 /* LezTests.xctest */ = {isa = PBXFileReference; explicitFileType = wrapper.cfbundle; includeInIndex = 0; path = LezTests.xctest; sourceTree = BUILT_PRODUCTS_DIR; };
		CFB7E9701FDBEBC000D35893 /* LezTests.swift */ = {isa = PBXFileReference; lastKnownFileType = sourcecode.swift; path = LezTests.swift; sourceTree = "<group>"; };
		CFB7E9721FDBEBC000D35893 /* Info.plist */ = {isa = PBXFileReference; lastKnownFileType = text.plist.xml; path = Info.plist; sourceTree = "<group>"; };
		CFB7E9771FDBEBC000D35893 /* LezUITests.xctest */ = {isa = PBXFileReference; explicitFileType = wrapper.cfbundle; includeInIndex = 0; path = LezUITests.xctest; sourceTree = BUILT_PRODUCTS_DIR; };
		CFB7E97B1FDBEBC000D35893 /* LezUITests.swift */ = {isa = PBXFileReference; lastKnownFileType = sourcecode.swift; path = LezUITests.swift; sourceTree = "<group>"; };
		CFB7E97D1FDBEBC000D35893 /* Info.plist */ = {isa = PBXFileReference; lastKnownFileType = text.plist.xml; path = Info.plist; sourceTree = "<group>"; };
		CFECC6DA1FDC059500A927FE /* GoogleService-Info.plist */ = {isa = PBXFileReference; fileEncoding = 4; lastKnownFileType = text.plist.xml; path = "GoogleService-Info.plist"; sourceTree = "<group>"; };
		D4A69489AEEE094BC40F60FD /* Pods_LezUITests.framework */ = {isa = PBXFileReference; explicitFileType = wrapper.framework; includeInIndex = 0; path = Pods_LezUITests.framework; sourceTree = BUILT_PRODUCTS_DIR; };
		E6D66632DFE639D87618ECF2 /* Pods-LezTests.debug.xcconfig */ = {isa = PBXFileReference; includeInIndex = 1; lastKnownFileType = text.xcconfig; name = "Pods-LezTests.debug.xcconfig"; path = "Pods/Target Support Files/Pods-LezTests/Pods-LezTests.debug.xcconfig"; sourceTree = "<group>"; };
		EA8DA2EC80A34B1A56DE8FB7 /* Pods-LezUITests.debug.xcconfig */ = {isa = PBXFileReference; includeInIndex = 1; lastKnownFileType = text.xcconfig; name = "Pods-LezUITests.debug.xcconfig"; path = "Pods/Target Support Files/Pods-LezUITests/Pods-LezUITests.debug.xcconfig"; sourceTree = "<group>"; };
/* End PBXFileReference section */

/* Begin PBXFrameworksBuildPhase section */
		CFB7E9551FDBEBC000D35893 /* Frameworks */ = {
			isa = PBXFrameworksBuildPhase;
			buildActionMask = 2147483647;
			files = (
				C3EFE12ADECE0A8FE5B70598 /* Pods_Lez.framework in Frameworks */,
			);
			runOnlyForDeploymentPostprocessing = 0;
		};
		CFB7E9691FDBEBC000D35893 /* Frameworks */ = {
			isa = PBXFrameworksBuildPhase;
			buildActionMask = 2147483647;
			files = (
				17CB162E220F400E7725C858 /* Pods_LezTests.framework in Frameworks */,
			);
			runOnlyForDeploymentPostprocessing = 0;
		};
		CFB7E9741FDBEBC000D35893 /* Frameworks */ = {
			isa = PBXFrameworksBuildPhase;
			buildActionMask = 2147483647;
			files = (
				7EF92F1E3F622038DE771393 /* Pods_LezUITests.framework in Frameworks */,
			);
			runOnlyForDeploymentPostprocessing = 0;
		};
/* End PBXFrameworksBuildPhase section */

/* Begin PBXGroup section */
		7674B8D525A23ED01D03ABAC /* Pods */ = {
			isa = PBXGroup;
			children = (
				A3B8C5BE5C678AAEDA4CEF02 /* Pods-Lez.debug.xcconfig */,
				4428A5C3F7298E1FA56103DE /* Pods-Lez.release.xcconfig */,
				E6D66632DFE639D87618ECF2 /* Pods-LezTests.debug.xcconfig */,
				5A3FB2D7CD202ED6664A1455 /* Pods-LezTests.release.xcconfig */,
				EA8DA2EC80A34B1A56DE8FB7 /* Pods-LezUITests.debug.xcconfig */,
				5A38D4C470FF5DC7AB4418A0 /* Pods-LezUITests.release.xcconfig */,
			);
			name = Pods;
			sourceTree = "<group>";
		};
		9DAE49C415D7703FE1BAEC3D /* Frameworks */ = {
			isa = PBXGroup;
			children = (
				C3C4F2EE7AB9BAC30506FA2A /* Pods_Lez.framework */,
				208A79623584C5404FE914F7 /* Pods_LezTests.framework */,
				D4A69489AEEE094BC40F60FD /* Pods_LezUITests.framework */,
			);
			name = Frameworks;
			sourceTree = "<group>";
		};
		CF8EAA101FF798BF0006D65A /* Custom Design */ = {
			isa = PBXGroup;
			children = (
				CF10C3D91FF4E07600C530DB /* PrimaryButton.swift */,
				CF8EAA111FF798F00006D65A /* CardBackground.swift */,
			);
			path = "Custom Design";
			sourceTree = "<group>";
		};
		CFB7E94F1FDBEBC000D35893 = {
			isa = PBXGroup;
			children = (
				CFB7E95A1FDBEBC000D35893 /* Lez */,
				CFB7E96F1FDBEBC000D35893 /* LezTests */,
				CFB7E97A1FDBEBC000D35893 /* LezUITests */,
				CFB7E9591FDBEBC000D35893 /* Products */,
				7674B8D525A23ED01D03ABAC /* Pods */,
				9DAE49C415D7703FE1BAEC3D /* Frameworks */,
			);
			sourceTree = "<group>";
		};
		CFB7E9591FDBEBC000D35893 /* Products */ = {
			isa = PBXGroup;
			children = (
				CFB7E9581FDBEBC000D35893 /* Lez.app */,
				CFB7E96C1FDBEBC000D35893 /* LezTests.xctest */,
				CFB7E9771FDBEBC000D35893 /* LezUITests.xctest */,
			);
			name = Products;
			sourceTree = "<group>";
		};
		CFB7E95A1FDBEBC000D35893 /* Lez */ = {
			isa = PBXGroup;
			children = (
				CFF7D0741FEFABAD00B42D6B /* Controllers */,
				CFF7D0751FEFABB600B42D6B /* Models */,
				CFF7D0761FEFABCF00B42D6B /* Resources */,
				CF8EAA101FF798BF0006D65A /* Custom Design */,
				CFECC6DA1FDC059500A927FE /* GoogleService-Info.plist */,
				CFB7E95B1FDBEBC000D35893 /* AppDelegate.swift */,
				CFB7E95F1FDBEBC000D35893 /* Main.storyboard */,
				CFB7E9621FDBEBC000D35893 /* Assets.xcassets */,
				CFB7E9641FDBEBC000D35893 /* LaunchScreen.storyboard */,
				CFB7E9671FDBEBC000D35893 /* Info.plist */,
			);
			path = Lez;
			sourceTree = "<group>";
		};
		CFB7E96F1FDBEBC000D35893 /* LezTests */ = {
			isa = PBXGroup;
			children = (
				CFB7E9701FDBEBC000D35893 /* LezTests.swift */,
				CFB7E9721FDBEBC000D35893 /* Info.plist */,
			);
			path = LezTests;
			sourceTree = "<group>";
		};
		CFB7E97A1FDBEBC000D35893 /* LezUITests */ = {
			isa = PBXGroup;
			children = (
				CFB7E97B1FDBEBC000D35893 /* LezUITests.swift */,
				CFB7E97D1FDBEBC000D35893 /* Info.plist */,
			);
			path = LezUITests;
			sourceTree = "<group>";
		};
		CFF7D0741FEFABAD00B42D6B /* Controllers */ = {
			isa = PBXGroup;
			children = (
				CFB7E95D1FDBEBC000D35893 /* MatchViewController.swift */,
				CFAA5C781FEECAF900E47927 /* ProfileSetupViewController.swift */,
				CF0D0C231FF6844D00DF8488 /* ProfileImageViewController.swift */,
				CF0D0C251FF68D8800DF8488 /* ProfileViewController.swift */,
			);
			path = Controllers;
			sourceTree = "<group>";
		};
		CFF7D0751FEFABB600B42D6B /* Models */ = {
			isa = PBXGroup;
			children = (
				CF2967131FDC6777002A2928 /* Lesbian.swift */,
			);
			path = Models;
			sourceTree = "<group>";
		};
		CFF7D0761FEFABCF00B42D6B /* Resources */ = {
			isa = PBXGroup;
			children = (
				CF5078391FEEA8E100C218B9 /* Constants.swift */,
				CF0D0C271FF6B5F600DF8488 /* FirestoreManager.swift */,
				CF8EAA131FF7AA030006D65A /* Extensions.swift */,
				CF1110301FF802D10035CB33 /* Defaults.swift */,
			);
			path = Resources;
			sourceTree = "<group>";
		};
/* End PBXGroup section */

/* Begin PBXNativeTarget section */
		CFB7E9571FDBEBC000D35893 /* Lez */ = {
			isa = PBXNativeTarget;
			buildConfigurationList = CFB7E9801FDBEBC000D35893 /* Build configuration list for PBXNativeTarget "Lez" */;
			buildPhases = (
				FD7C70B1EECCC26CCC844B28 /* [CP] Check Pods Manifest.lock */,
				CFB7E9541FDBEBC000D35893 /* Sources */,
				CFB7E9551FDBEBC000D35893 /* Frameworks */,
				CFB7E9561FDBEBC000D35893 /* Resources */,
				FF02AEADD06AC607CA6EEEC6 /* [CP] Embed Pods Frameworks */,
				DA5AA98299B46FA5B3339FEB /* [CP] Copy Pods Resources */,
			);
			buildRules = (
			);
			dependencies = (
			);
			name = Lez;
			productName = Lez;
			productReference = CFB7E9581FDBEBC000D35893 /* Lez.app */;
			productType = "com.apple.product-type.application";
		};
		CFB7E96B1FDBEBC000D35893 /* LezTests */ = {
			isa = PBXNativeTarget;
			buildConfigurationList = CFB7E9831FDBEBC000D35893 /* Build configuration list for PBXNativeTarget "LezTests" */;
			buildPhases = (
				B44ADCF5C740E06C8FB9DCCE /* [CP] Check Pods Manifest.lock */,
				CFB7E9681FDBEBC000D35893 /* Sources */,
				CFB7E9691FDBEBC000D35893 /* Frameworks */,
				CFB7E96A1FDBEBC000D35893 /* Resources */,
				74917CFB97997B027858438A /* [CP] Embed Pods Frameworks */,
				ED3A6683FC29A2ABB3F48C90 /* [CP] Copy Pods Resources */,
			);
			buildRules = (
			);
			dependencies = (
				CFB7E96E1FDBEBC000D35893 /* PBXTargetDependency */,
			);
			name = LezTests;
			productName = LezTests;
			productReference = CFB7E96C1FDBEBC000D35893 /* LezTests.xctest */;
			productType = "com.apple.product-type.bundle.unit-test";
		};
		CFB7E9761FDBEBC000D35893 /* LezUITests */ = {
			isa = PBXNativeTarget;
			buildConfigurationList = CFB7E9861FDBEBC000D35893 /* Build configuration list for PBXNativeTarget "LezUITests" */;
			buildPhases = (
				265483A26F8DB988097DBB2B /* [CP] Check Pods Manifest.lock */,
				CFB7E9731FDBEBC000D35893 /* Sources */,
				CFB7E9741FDBEBC000D35893 /* Frameworks */,
				CFB7E9751FDBEBC000D35893 /* Resources */,
				7B5D67DC770B5227B17B5349 /* [CP] Embed Pods Frameworks */,
				613AE109716C6C2E2420A85D /* [CP] Copy Pods Resources */,
			);
			buildRules = (
			);
			dependencies = (
				CFB7E9791FDBEBC000D35893 /* PBXTargetDependency */,
			);
			name = LezUITests;
			productName = LezUITests;
			productReference = CFB7E9771FDBEBC000D35893 /* LezUITests.xctest */;
			productType = "com.apple.product-type.bundle.ui-testing";
		};
/* End PBXNativeTarget section */

/* Begin PBXProject section */
		CFB7E9501FDBEBC000D35893 /* Project object */ = {
			isa = PBXProject;
			attributes = {
				LastSwiftUpdateCheck = 0920;
				LastUpgradeCheck = 0920;
				ORGANIZATIONNAME = Antonija;
				TargetAttributes = {
					CFB7E9571FDBEBC000D35893 = {
						CreatedOnToolsVersion = 9.2;
						ProvisioningStyle = Automatic;
					};
					CFB7E96B1FDBEBC000D35893 = {
						CreatedOnToolsVersion = 9.2;
						ProvisioningStyle = Automatic;
						TestTargetID = CFB7E9571FDBEBC000D35893;
					};
					CFB7E9761FDBEBC000D35893 = {
						CreatedOnToolsVersion = 9.2;
						ProvisioningStyle = Automatic;
						TestTargetID = CFB7E9571FDBEBC000D35893;
					};
				};
			};
			buildConfigurationList = CFB7E9531FDBEBC000D35893 /* Build configuration list for PBXProject "Lez" */;
			compatibilityVersion = "Xcode 8.0";
			developmentRegion = en;
			hasScannedForEncodings = 0;
			knownRegions = (
				en,
				Base,
			);
			mainGroup = CFB7E94F1FDBEBC000D35893;
			productRefGroup = CFB7E9591FDBEBC000D35893 /* Products */;
			projectDirPath = "";
			projectRoot = "";
			targets = (
				CFB7E9571FDBEBC000D35893 /* Lez */,
				CFB7E96B1FDBEBC000D35893 /* LezTests */,
				CFB7E9761FDBEBC000D35893 /* LezUITests */,
			);
		};
/* End PBXProject section */

/* Begin PBXResourcesBuildPhase section */
		CFB7E9561FDBEBC000D35893 /* Resources */ = {
			isa = PBXResourcesBuildPhase;
			buildActionMask = 2147483647;
			files = (
				CFB7E9661FDBEBC000D35893 /* LaunchScreen.storyboard in Resources */,
				CFECC6DB1FDC059500A927FE /* GoogleService-Info.plist in Resources */,
				CFB7E9631FDBEBC000D35893 /* Assets.xcassets in Resources */,
				CFB7E9611FDBEBC000D35893 /* Main.storyboard in Resources */,
			);
			runOnlyForDeploymentPostprocessing = 0;
		};
		CFB7E96A1FDBEBC000D35893 /* Resources */ = {
			isa = PBXResourcesBuildPhase;
			buildActionMask = 2147483647;
			files = (
			);
			runOnlyForDeploymentPostprocessing = 0;
		};
		CFB7E9751FDBEBC000D35893 /* Resources */ = {
			isa = PBXResourcesBuildPhase;
			buildActionMask = 2147483647;
			files = (
			);
			runOnlyForDeploymentPostprocessing = 0;
		};
/* End PBXResourcesBuildPhase section */

/* Begin PBXShellScriptBuildPhase section */
		265483A26F8DB988097DBB2B /* [CP] Check Pods Manifest.lock */ = {
			isa = PBXShellScriptBuildPhase;
			buildActionMask = 2147483647;
			files = (
			);
			inputPaths = (
				"${PODS_PODFILE_DIR_PATH}/Podfile.lock",
				"${PODS_ROOT}/Manifest.lock",
			);
			name = "[CP] Check Pods Manifest.lock";
			outputPaths = (
				"$(DERIVED_FILE_DIR)/Pods-LezUITests-checkManifestLockResult.txt",
			);
			runOnlyForDeploymentPostprocessing = 0;
			shellPath = /bin/sh;
			shellScript = "diff \"${PODS_PODFILE_DIR_PATH}/Podfile.lock\" \"${PODS_ROOT}/Manifest.lock\" > /dev/null\nif [ $? != 0 ] ; then\n    # print error to STDERR\n    echo \"error: The sandbox is not in sync with the Podfile.lock. Run 'pod install' or update your CocoaPods installation.\" >&2\n    exit 1\nfi\n# This output is used by Xcode 'outputs' to avoid re-running this script phase.\necho \"SUCCESS\" > \"${SCRIPT_OUTPUT_FILE_0}\"\n";
			showEnvVarsInLog = 0;
		};
		613AE109716C6C2E2420A85D /* [CP] Copy Pods Resources */ = {
			isa = PBXShellScriptBuildPhase;
			buildActionMask = 2147483647;
			files = (
			);
			inputPaths = (
			);
			name = "[CP] Copy Pods Resources";
			outputPaths = (
			);
			runOnlyForDeploymentPostprocessing = 0;
			shellPath = /bin/sh;
			shellScript = "\"${SRCROOT}/Pods/Target Support Files/Pods-LezUITests/Pods-LezUITests-resources.sh\"\n";
			showEnvVarsInLog = 0;
		};
		74917CFB97997B027858438A /* [CP] Embed Pods Frameworks */ = {
			isa = PBXShellScriptBuildPhase;
			buildActionMask = 2147483647;
			files = (
			);
			inputPaths = (
			);
			name = "[CP] Embed Pods Frameworks";
			outputPaths = (
			);
			runOnlyForDeploymentPostprocessing = 0;
			shellPath = /bin/sh;
			shellScript = "\"${SRCROOT}/Pods/Target Support Files/Pods-LezTests/Pods-LezTests-frameworks.sh\"\n";
			showEnvVarsInLog = 0;
		};
		7B5D67DC770B5227B17B5349 /* [CP] Embed Pods Frameworks */ = {
			isa = PBXShellScriptBuildPhase;
			buildActionMask = 2147483647;
			files = (
			);
			inputPaths = (
			);
			name = "[CP] Embed Pods Frameworks";
			outputPaths = (
			);
			runOnlyForDeploymentPostprocessing = 0;
			shellPath = /bin/sh;
			shellScript = "\"${SRCROOT}/Pods/Target Support Files/Pods-LezUITests/Pods-LezUITests-frameworks.sh\"\n";
			showEnvVarsInLog = 0;
		};
		B44ADCF5C740E06C8FB9DCCE /* [CP] Check Pods Manifest.lock */ = {
			isa = PBXShellScriptBuildPhase;
			buildActionMask = 2147483647;
			files = (
			);
			inputPaths = (
				"${PODS_PODFILE_DIR_PATH}/Podfile.lock",
				"${PODS_ROOT}/Manifest.lock",
			);
			name = "[CP] Check Pods Manifest.lock";
			outputPaths = (
				"$(DERIVED_FILE_DIR)/Pods-LezTests-checkManifestLockResult.txt",
			);
			runOnlyForDeploymentPostprocessing = 0;
			shellPath = /bin/sh;
			shellScript = "diff \"${PODS_PODFILE_DIR_PATH}/Podfile.lock\" \"${PODS_ROOT}/Manifest.lock\" > /dev/null\nif [ $? != 0 ] ; then\n    # print error to STDERR\n    echo \"error: The sandbox is not in sync with the Podfile.lock. Run 'pod install' or update your CocoaPods installation.\" >&2\n    exit 1\nfi\n# This output is used by Xcode 'outputs' to avoid re-running this script phase.\necho \"SUCCESS\" > \"${SCRIPT_OUTPUT_FILE_0}\"\n";
			showEnvVarsInLog = 0;
		};
		DA5AA98299B46FA5B3339FEB /* [CP] Copy Pods Resources */ = {
			isa = PBXShellScriptBuildPhase;
			buildActionMask = 2147483647;
			files = (
			);
			inputPaths = (
				"${SRCROOT}/Pods/Target Support Files/Pods-Lez/Pods-Lez-resources.sh",
				"$PODS_CONFIGURATION_BUILD_DIR/FirebaseUI/FirebaseAuthUI.bundle",
				"$PODS_CONFIGURATION_BUILD_DIR/FirebaseUI/FirebaseFacebookAuthUI.bundle",
				"${PODS_ROOT}/GoogleMaps/Maps/Frameworks/GoogleMaps.framework/Resources/GoogleMaps.bundle",
				"${PODS_ROOT}/GooglePlacePicker/Frameworks/GooglePlacePicker.framework/Resources/GooglePlacePicker.bundle",
				"${PODS_ROOT}/GooglePlaces/Frameworks/GooglePlaces.framework/Resources/GooglePlaces.bundle",
			);
			name = "[CP] Copy Pods Resources";
			outputPaths = (
				"${TARGET_BUILD_DIR}/${UNLOCALIZED_RESOURCES_FOLDER_PATH}",
			);
			runOnlyForDeploymentPostprocessing = 0;
			shellPath = /bin/sh;
			shellScript = "\"${SRCROOT}/Pods/Target Support Files/Pods-Lez/Pods-Lez-resources.sh\"\n";
			showEnvVarsInLog = 0;
		};
		ED3A6683FC29A2ABB3F48C90 /* [CP] Copy Pods Resources */ = {
			isa = PBXShellScriptBuildPhase;
			buildActionMask = 2147483647;
			files = (
			);
			inputPaths = (
			);
			name = "[CP] Copy Pods Resources";
			outputPaths = (
			);
			runOnlyForDeploymentPostprocessing = 0;
			shellPath = /bin/sh;
			shellScript = "\"${SRCROOT}/Pods/Target Support Files/Pods-LezTests/Pods-LezTests-resources.sh\"\n";
			showEnvVarsInLog = 0;
		};
		FD7C70B1EECCC26CCC844B28 /* [CP] Check Pods Manifest.lock */ = {
			isa = PBXShellScriptBuildPhase;
			buildActionMask = 2147483647;
			files = (
			);
			inputPaths = (
				"${PODS_PODFILE_DIR_PATH}/Podfile.lock",
				"${PODS_ROOT}/Manifest.lock",
			);
			name = "[CP] Check Pods Manifest.lock";
			outputPaths = (
				"$(DERIVED_FILE_DIR)/Pods-Lez-checkManifestLockResult.txt",
			);
			runOnlyForDeploymentPostprocessing = 0;
			shellPath = /bin/sh;
			shellScript = "diff \"${PODS_PODFILE_DIR_PATH}/Podfile.lock\" \"${PODS_ROOT}/Manifest.lock\" > /dev/null\nif [ $? != 0 ] ; then\n    # print error to STDERR\n    echo \"error: The sandbox is not in sync with the Podfile.lock. Run 'pod install' or update your CocoaPods installation.\" >&2\n    exit 1\nfi\n# This output is used by Xcode 'outputs' to avoid re-running this script phase.\necho \"SUCCESS\" > \"${SCRIPT_OUTPUT_FILE_0}\"\n";
			showEnvVarsInLog = 0;
		};
		FF02AEADD06AC607CA6EEEC6 /* [CP] Embed Pods Frameworks */ = {
			isa = PBXShellScriptBuildPhase;
			buildActionMask = 2147483647;
			files = (
			);
			inputPaths = (
				"${SRCROOT}/Pods/Target Support Files/Pods-Lez/Pods-Lez-frameworks.sh",
				"${BUILT_PRODUCTS_DIR}/Alamofire/Alamofire.framework",
				"${BUILT_PRODUCTS_DIR}/AlamofireImage/AlamofireImage.framework",
				"${BUILT_PRODUCTS_DIR}/Bolts/Bolts.framework",
				"${BUILT_PRODUCTS_DIR}/BoringSSL/openssl.framework",
				"${BUILT_PRODUCTS_DIR}/CodableFirebase/CodableFirebase.framework",
				"${BUILT_PRODUCTS_DIR}/FBSDKCoreKit/FBSDKCoreKit.framework",
				"${BUILT_PRODUCTS_DIR}/FBSDKLoginKit/FBSDKLoginKit.framework",
				"${BUILT_PRODUCTS_DIR}/GTMSessionFetcher/GTMSessionFetcher.framework",
				"${BUILT_PRODUCTS_DIR}/GoogleToolboxForMac/GoogleToolboxForMac.framework",
				"${BUILT_PRODUCTS_DIR}/KeyboardHelper/KeyboardHelper.framework",
				"${BUILT_PRODUCTS_DIR}/Koloda/Koloda.framework",
				"${BUILT_PRODUCTS_DIR}/PromiseKit/PromiseKit.framework",
				"${BUILT_PRODUCTS_DIR}/Protobuf/Protobuf.framework",
				"${BUILT_PRODUCTS_DIR}/SnapKit/SnapKit.framework",
				"${BUILT_PRODUCTS_DIR}/gRPC/GRPCClient.framework",
				"${BUILT_PRODUCTS_DIR}/gRPC-Core/grpc.framework",
				"${BUILT_PRODUCTS_DIR}/gRPC-ProtoRPC/ProtoRPC.framework",
				"${BUILT_PRODUCTS_DIR}/gRPC-RxLibrary/RxLibrary.framework",
				"${BUILT_PRODUCTS_DIR}/leveldb-library/leveldb.framework",
				"${BUILT_PRODUCTS_DIR}/nanopb/nanopb.framework",
				"${BUILT_PRODUCTS_DIR}/pop/pop.framework",
			);
			name = "[CP] Embed Pods Frameworks";
			outputPaths = (
				"${TARGET_BUILD_DIR}/${FRAMEWORKS_FOLDER_PATH}/Alamofire.framework",
				"${TARGET_BUILD_DIR}/${FRAMEWORKS_FOLDER_PATH}/AlamofireImage.framework",
				"${TARGET_BUILD_DIR}/${FRAMEWORKS_FOLDER_PATH}/Bolts.framework",
				"${TARGET_BUILD_DIR}/${FRAMEWORKS_FOLDER_PATH}/openssl.framework",
				"${TARGET_BUILD_DIR}/${FRAMEWORKS_FOLDER_PATH}/CodableFirebase.framework",
				"${TARGET_BUILD_DIR}/${FRAMEWORKS_FOLDER_PATH}/FBSDKCoreKit.framework",
				"${TARGET_BUILD_DIR}/${FRAMEWORKS_FOLDER_PATH}/FBSDKLoginKit.framework",
				"${TARGET_BUILD_DIR}/${FRAMEWORKS_FOLDER_PATH}/GTMSessionFetcher.framework",
				"${TARGET_BUILD_DIR}/${FRAMEWORKS_FOLDER_PATH}/GoogleToolboxForMac.framework",
				"${TARGET_BUILD_DIR}/${FRAMEWORKS_FOLDER_PATH}/KeyboardHelper.framework",
				"${TARGET_BUILD_DIR}/${FRAMEWORKS_FOLDER_PATH}/Koloda.framework",
				"${TARGET_BUILD_DIR}/${FRAMEWORKS_FOLDER_PATH}/PromiseKit.framework",
				"${TARGET_BUILD_DIR}/${FRAMEWORKS_FOLDER_PATH}/Protobuf.framework",
				"${TARGET_BUILD_DIR}/${FRAMEWORKS_FOLDER_PATH}/SnapKit.framework",
				"${TARGET_BUILD_DIR}/${FRAMEWORKS_FOLDER_PATH}/GRPCClient.framework",
				"${TARGET_BUILD_DIR}/${FRAMEWORKS_FOLDER_PATH}/grpc.framework",
				"${TARGET_BUILD_DIR}/${FRAMEWORKS_FOLDER_PATH}/ProtoRPC.framework",
				"${TARGET_BUILD_DIR}/${FRAMEWORKS_FOLDER_PATH}/RxLibrary.framework",
				"${TARGET_BUILD_DIR}/${FRAMEWORKS_FOLDER_PATH}/leveldb.framework",
				"${TARGET_BUILD_DIR}/${FRAMEWORKS_FOLDER_PATH}/nanopb.framework",
				"${TARGET_BUILD_DIR}/${FRAMEWORKS_FOLDER_PATH}/pop.framework",
			);
			runOnlyForDeploymentPostprocessing = 0;
			shellPath = /bin/sh;
			shellScript = "\"${SRCROOT}/Pods/Target Support Files/Pods-Lez/Pods-Lez-frameworks.sh\"\n";
			showEnvVarsInLog = 0;
		};
/* End PBXShellScriptBuildPhase section */

/* Begin PBXSourcesBuildPhase section */
		CFB7E9541FDBEBC000D35893 /* Sources */ = {
			isa = PBXSourcesBuildPhase;
			buildActionMask = 2147483647;
			files = (
				CF10C3DA1FF4E07600C530DB /* PrimaryButton.swift in Sources */,
				CF8EAA121FF798F00006D65A /* CardBackground.swift in Sources */,
				CFB7E95E1FDBEBC000D35893 /* MatchViewController.swift in Sources */,
				CFB7E95C1FDBEBC000D35893 /* AppDelegate.swift in Sources */,
				CF2967141FDC6777002A2928 /* Lesbian.swift in Sources */,
				CFAA5C791FEECAF900E47927 /* ProfileSetupViewController.swift in Sources */,
				CF50783A1FEEA8E100C218B9 /* Constants.swift in Sources */,
				CF0D0C261FF68D8800DF8488 /* ProfileViewController.swift in Sources */,
				CF0D0C281FF6B5F600DF8488 /* FirestoreManager.swift in Sources */,
				CF1110311FF802D10035CB33 /* Defaults.swift in Sources */,
				CF8EAA141FF7AA030006D65A /* Extensions.swift in Sources */,
				CF0D0C241FF6844D00DF8488 /* ProfileImageViewController.swift in Sources */,
			);
			runOnlyForDeploymentPostprocessing = 0;
		};
		CFB7E9681FDBEBC000D35893 /* Sources */ = {
			isa = PBXSourcesBuildPhase;
			buildActionMask = 2147483647;
			files = (
				CFB7E9711FDBEBC000D35893 /* LezTests.swift in Sources */,
			);
			runOnlyForDeploymentPostprocessing = 0;
		};
		CFB7E9731FDBEBC000D35893 /* Sources */ = {
			isa = PBXSourcesBuildPhase;
			buildActionMask = 2147483647;
			files = (
				CFB7E97C1FDBEBC000D35893 /* LezUITests.swift in Sources */,
			);
			runOnlyForDeploymentPostprocessing = 0;
		};
/* End PBXSourcesBuildPhase section */

/* Begin PBXTargetDependency section */
		CFB7E96E1FDBEBC000D35893 /* PBXTargetDependency */ = {
			isa = PBXTargetDependency;
			target = CFB7E9571FDBEBC000D35893 /* Lez */;
			targetProxy = CFB7E96D1FDBEBC000D35893 /* PBXContainerItemProxy */;
		};
		CFB7E9791FDBEBC000D35893 /* PBXTargetDependency */ = {
			isa = PBXTargetDependency;
			target = CFB7E9571FDBEBC000D35893 /* Lez */;
			targetProxy = CFB7E9781FDBEBC000D35893 /* PBXContainerItemProxy */;
		};
/* End PBXTargetDependency section */

/* Begin PBXVariantGroup section */
		CFB7E95F1FDBEBC000D35893 /* Main.storyboard */ = {
			isa = PBXVariantGroup;
			children = (
				CFB7E9601FDBEBC000D35893 /* Base */,
			);
			name = Main.storyboard;
			sourceTree = "<group>";
		};
		CFB7E9641FDBEBC000D35893 /* LaunchScreen.storyboard */ = {
			isa = PBXVariantGroup;
			children = (
				CFB7E9651FDBEBC000D35893 /* Base */,
			);
			name = LaunchScreen.storyboard;
			sourceTree = "<group>";
		};
/* End PBXVariantGroup section */

/* Begin XCBuildConfiguration section */
		CFB7E97E1FDBEBC000D35893 /* Debug */ = {
			isa = XCBuildConfiguration;
			buildSettings = {
				ALWAYS_SEARCH_USER_PATHS = NO;
				CLANG_ANALYZER_NONNULL = YES;
				CLANG_ANALYZER_NUMBER_OBJECT_CONVERSION = YES_AGGRESSIVE;
				CLANG_CXX_LANGUAGE_STANDARD = "gnu++14";
				CLANG_CXX_LIBRARY = "libc++";
				CLANG_ENABLE_MODULES = YES;
				CLANG_ENABLE_OBJC_ARC = YES;
				CLANG_WARN_BLOCK_CAPTURE_AUTORELEASING = YES;
				CLANG_WARN_BOOL_CONVERSION = YES;
				CLANG_WARN_COMMA = YES;
				CLANG_WARN_CONSTANT_CONVERSION = YES;
				CLANG_WARN_DIRECT_OBJC_ISA_USAGE = YES_ERROR;
				CLANG_WARN_DOCUMENTATION_COMMENTS = YES;
				CLANG_WARN_EMPTY_BODY = YES;
				CLANG_WARN_ENUM_CONVERSION = YES;
				CLANG_WARN_INFINITE_RECURSION = YES;
				CLANG_WARN_INT_CONVERSION = YES;
				CLANG_WARN_NON_LITERAL_NULL_CONVERSION = YES;
				CLANG_WARN_OBJC_LITERAL_CONVERSION = YES;
				CLANG_WARN_OBJC_ROOT_CLASS = YES_ERROR;
				CLANG_WARN_RANGE_LOOP_ANALYSIS = YES;
				CLANG_WARN_STRICT_PROTOTYPES = YES;
				CLANG_WARN_SUSPICIOUS_MOVE = YES;
				CLANG_WARN_UNGUARDED_AVAILABILITY = YES_AGGRESSIVE;
				CLANG_WARN_UNREACHABLE_CODE = YES;
				CLANG_WARN__DUPLICATE_METHOD_MATCH = YES;
				CODE_SIGN_IDENTITY = "iPhone Developer";
				COPY_PHASE_STRIP = NO;
				DEBUG_INFORMATION_FORMAT = dwarf;
				ENABLE_STRICT_OBJC_MSGSEND = YES;
				ENABLE_TESTABILITY = YES;
				GCC_C_LANGUAGE_STANDARD = gnu11;
				GCC_DYNAMIC_NO_PIC = NO;
				GCC_NO_COMMON_BLOCKS = YES;
				GCC_OPTIMIZATION_LEVEL = 0;
				GCC_PREPROCESSOR_DEFINITIONS = (
					"DEBUG=1",
					"$(inherited)",
				);
				GCC_WARN_64_TO_32_BIT_CONVERSION = YES;
				GCC_WARN_ABOUT_RETURN_TYPE = YES_ERROR;
				GCC_WARN_UNDECLARED_SELECTOR = YES;
				GCC_WARN_UNINITIALIZED_AUTOS = YES_AGGRESSIVE;
				GCC_WARN_UNUSED_FUNCTION = YES;
				GCC_WARN_UNUSED_VARIABLE = YES;
				IPHONEOS_DEPLOYMENT_TARGET = 11.2;
				MTL_ENABLE_DEBUG_INFO = YES;
				ONLY_ACTIVE_ARCH = YES;
				SDKROOT = iphoneos;
				SWIFT_ACTIVE_COMPILATION_CONDITIONS = DEBUG;
				SWIFT_OPTIMIZATION_LEVEL = "-Onone";
			};
			name = Debug;
		};
		CFB7E97F1FDBEBC000D35893 /* Release */ = {
			isa = XCBuildConfiguration;
			buildSettings = {
				ALWAYS_SEARCH_USER_PATHS = NO;
				CLANG_ANALYZER_NONNULL = YES;
				CLANG_ANALYZER_NUMBER_OBJECT_CONVERSION = YES_AGGRESSIVE;
				CLANG_CXX_LANGUAGE_STANDARD = "gnu++14";
				CLANG_CXX_LIBRARY = "libc++";
				CLANG_ENABLE_MODULES = YES;
				CLANG_ENABLE_OBJC_ARC = YES;
				CLANG_WARN_BLOCK_CAPTURE_AUTORELEASING = YES;
				CLANG_WARN_BOOL_CONVERSION = YES;
				CLANG_WARN_COMMA = YES;
				CLANG_WARN_CONSTANT_CONVERSION = YES;
				CLANG_WARN_DIRECT_OBJC_ISA_USAGE = YES_ERROR;
				CLANG_WARN_DOCUMENTATION_COMMENTS = YES;
				CLANG_WARN_EMPTY_BODY = YES;
				CLANG_WARN_ENUM_CONVERSION = YES;
				CLANG_WARN_INFINITE_RECURSION = YES;
				CLANG_WARN_INT_CONVERSION = YES;
				CLANG_WARN_NON_LITERAL_NULL_CONVERSION = YES;
				CLANG_WARN_OBJC_LITERAL_CONVERSION = YES;
				CLANG_WARN_OBJC_ROOT_CLASS = YES_ERROR;
				CLANG_WARN_RANGE_LOOP_ANALYSIS = YES;
				CLANG_WARN_STRICT_PROTOTYPES = YES;
				CLANG_WARN_SUSPICIOUS_MOVE = YES;
				CLANG_WARN_UNGUARDED_AVAILABILITY = YES_AGGRESSIVE;
				CLANG_WARN_UNREACHABLE_CODE = YES;
				CLANG_WARN__DUPLICATE_METHOD_MATCH = YES;
				CODE_SIGN_IDENTITY = "iPhone Developer";
				COPY_PHASE_STRIP = NO;
				DEBUG_INFORMATION_FORMAT = "dwarf-with-dsym";
				ENABLE_NS_ASSERTIONS = NO;
				ENABLE_STRICT_OBJC_MSGSEND = YES;
				GCC_C_LANGUAGE_STANDARD = gnu11;
				GCC_NO_COMMON_BLOCKS = YES;
				GCC_WARN_64_TO_32_BIT_CONVERSION = YES;
				GCC_WARN_ABOUT_RETURN_TYPE = YES_ERROR;
				GCC_WARN_UNDECLARED_SELECTOR = YES;
				GCC_WARN_UNINITIALIZED_AUTOS = YES_AGGRESSIVE;
				GCC_WARN_UNUSED_FUNCTION = YES;
				GCC_WARN_UNUSED_VARIABLE = YES;
				IPHONEOS_DEPLOYMENT_TARGET = 11.2;
				MTL_ENABLE_DEBUG_INFO = NO;
				SDKROOT = iphoneos;
				SWIFT_OPTIMIZATION_LEVEL = "-Owholemodule";
				VALIDATE_PRODUCT = YES;
			};
			name = Release;
		};
		CFB7E9811FDBEBC000D35893 /* Debug */ = {
			isa = XCBuildConfiguration;
			baseConfigurationReference = A3B8C5BE5C678AAEDA4CEF02 /* Pods-Lez.debug.xcconfig */;
			buildSettings = {
				ASSETCATALOG_COMPILER_APPICON_NAME = AppIcon;
				CODE_SIGN_STYLE = Automatic;
				DEVELOPMENT_TEAM = WNU245KFYF;
				INFOPLIST_FILE = Lez/Info.plist;
				LD_RUNPATH_SEARCH_PATHS = "$(inherited) @executable_path/Frameworks";
				PRODUCT_BUNDLE_IDENTIFIER = com.antonijapek.Lez;
				PRODUCT_NAME = "$(TARGET_NAME)";
				SWIFT_VERSION = 4.0;
				TARGETED_DEVICE_FAMILY = "1,2";
			};
			name = Debug;
		};
		CFB7E9821FDBEBC000D35893 /* Release */ = {
			isa = XCBuildConfiguration;
			baseConfigurationReference = 4428A5C3F7298E1FA56103DE /* Pods-Lez.release.xcconfig */;
			buildSettings = {
				ASSETCATALOG_COMPILER_APPICON_NAME = AppIcon;
				CODE_SIGN_STYLE = Automatic;
				DEVELOPMENT_TEAM = WNU245KFYF;
				INFOPLIST_FILE = Lez/Info.plist;
				LD_RUNPATH_SEARCH_PATHS = "$(inherited) @executable_path/Frameworks";
				PRODUCT_BUNDLE_IDENTIFIER = com.antonijapek.Lez;
				PRODUCT_NAME = "$(TARGET_NAME)";
				SWIFT_VERSION = 4.0;
				TARGETED_DEVICE_FAMILY = "1,2";
			};
			name = Release;
		};
		CFB7E9841FDBEBC000D35893 /* Debug */ = {
			isa = XCBuildConfiguration;
			baseConfigurationReference = E6D66632DFE639D87618ECF2 /* Pods-LezTests.debug.xcconfig */;
			buildSettings = {
				ALWAYS_EMBED_SWIFT_STANDARD_LIBRARIES = YES;
				BUNDLE_LOADER = "$(TEST_HOST)";
				CODE_SIGN_STYLE = Automatic;
				DEVELOPMENT_TEAM = WNU245KFYF;
				INFOPLIST_FILE = LezTests/Info.plist;
				LD_RUNPATH_SEARCH_PATHS = "$(inherited) @executable_path/Frameworks @loader_path/Frameworks";
				PRODUCT_BUNDLE_IDENTIFIER = com.antonijapek.LezTests;
				PRODUCT_NAME = "$(TARGET_NAME)";
				SWIFT_VERSION = 4.0;
				TARGETED_DEVICE_FAMILY = "1,2";
				TEST_HOST = "$(BUILT_PRODUCTS_DIR)/Lez.app/Lez";
			};
			name = Debug;
		};
		CFB7E9851FDBEBC000D35893 /* Release */ = {
			isa = XCBuildConfiguration;
			baseConfigurationReference = 5A3FB2D7CD202ED6664A1455 /* Pods-LezTests.release.xcconfig */;
			buildSettings = {
				ALWAYS_EMBED_SWIFT_STANDARD_LIBRARIES = YES;
				BUNDLE_LOADER = "$(TEST_HOST)";
				CODE_SIGN_STYLE = Automatic;
				DEVELOPMENT_TEAM = WNU245KFYF;
				INFOPLIST_FILE = LezTests/Info.plist;
				LD_RUNPATH_SEARCH_PATHS = "$(inherited) @executable_path/Frameworks @loader_path/Frameworks";
				PRODUCT_BUNDLE_IDENTIFIER = com.antonijapek.LezTests;
				PRODUCT_NAME = "$(TARGET_NAME)";
				SWIFT_VERSION = 4.0;
				TARGETED_DEVICE_FAMILY = "1,2";
				TEST_HOST = "$(BUILT_PRODUCTS_DIR)/Lez.app/Lez";
			};
			name = Release;
		};
		CFB7E9871FDBEBC000D35893 /* Debug */ = {
			isa = XCBuildConfiguration;
			baseConfigurationReference = EA8DA2EC80A34B1A56DE8FB7 /* Pods-LezUITests.debug.xcconfig */;
			buildSettings = {
				ALWAYS_EMBED_SWIFT_STANDARD_LIBRARIES = YES;
				CODE_SIGN_STYLE = Automatic;
				DEVELOPMENT_TEAM = WNU245KFYF;
				INFOPLIST_FILE = LezUITests/Info.plist;
				LD_RUNPATH_SEARCH_PATHS = "$(inherited) @executable_path/Frameworks @loader_path/Frameworks";
				PRODUCT_BUNDLE_IDENTIFIER = com.antonijapek.LezUITests;
				PRODUCT_NAME = "$(TARGET_NAME)";
				SWIFT_VERSION = 4.0;
				TARGETED_DEVICE_FAMILY = "1,2";
				TEST_TARGET_NAME = Lez;
			};
			name = Debug;
		};
		CFB7E9881FDBEBC000D35893 /* Release */ = {
			isa = XCBuildConfiguration;
			baseConfigurationReference = 5A38D4C470FF5DC7AB4418A0 /* Pods-LezUITests.release.xcconfig */;
			buildSettings = {
				ALWAYS_EMBED_SWIFT_STANDARD_LIBRARIES = YES;
				CODE_SIGN_STYLE = Automatic;
				DEVELOPMENT_TEAM = WNU245KFYF;
				INFOPLIST_FILE = LezUITests/Info.plist;
				LD_RUNPATH_SEARCH_PATHS = "$(inherited) @executable_path/Frameworks @loader_path/Frameworks";
				PRODUCT_BUNDLE_IDENTIFIER = com.antonijapek.LezUITests;
				PRODUCT_NAME = "$(TARGET_NAME)";
				SWIFT_VERSION = 4.0;
				TARGETED_DEVICE_FAMILY = "1,2";
				TEST_TARGET_NAME = Lez;
			};
			name = Release;
		};
/* End XCBuildConfiguration section */

/* Begin XCConfigurationList section */
		CFB7E9531FDBEBC000D35893 /* Build configuration list for PBXProject "Lez" */ = {
			isa = XCConfigurationList;
			buildConfigurations = (
				CFB7E97E1FDBEBC000D35893 /* Debug */,
				CFB7E97F1FDBEBC000D35893 /* Release */,
			);
			defaultConfigurationIsVisible = 0;
			defaultConfigurationName = Release;
		};
		CFB7E9801FDBEBC000D35893 /* Build configuration list for PBXNativeTarget "Lez" */ = {
			isa = XCConfigurationList;
			buildConfigurations = (
				CFB7E9811FDBEBC000D35893 /* Debug */,
				CFB7E9821FDBEBC000D35893 /* Release */,
			);
			defaultConfigurationIsVisible = 0;
			defaultConfigurationName = Release;
		};
		CFB7E9831FDBEBC000D35893 /* Build configuration list for PBXNativeTarget "LezTests" */ = {
			isa = XCConfigurationList;
			buildConfigurations = (
				CFB7E9841FDBEBC000D35893 /* Debug */,
				CFB7E9851FDBEBC000D35893 /* Release */,
			);
			defaultConfigurationIsVisible = 0;
			defaultConfigurationName = Release;
		};
		CFB7E9861FDBEBC000D35893 /* Build configuration list for PBXNativeTarget "LezUITests" */ = {
			isa = XCConfigurationList;
			buildConfigurations = (
				CFB7E9871FDBEBC000D35893 /* Debug */,
				CFB7E9881FDBEBC000D35893 /* Release */,
			);
			defaultConfigurationIsVisible = 0;
			defaultConfigurationName = Release;
		};
/* End XCConfigurationList section */
	};
	rootObject = CFB7E9501FDBEBC000D35893 /* Project object */;
}
